// !$*UTF8*$!
{
	archiveVersion = 1;
	classes = {
	};
	objectVersion = 46;
	objects = {

/* Begin PBXBuildFile section */
		8601067617DF7DE5002AEFC2 /* icon@2x.png in Resources */ = {isa = PBXBuildFile; fileRef = 8601067517DF7DE5002AEFC2 /* icon@2x.png */; };
		8601067817DF7DE7002AEFC2 /* icon.png in Resources */ = {isa = PBXBuildFile; fileRef = 8601067717DF7DE7002AEFC2 /* icon.png */; };
		8639E36D17E408AE001ED2F8 /* SQTrimViewController.m in Sources */ = {isa = PBXBuildFile; fileRef = 8639E36C17E408AE001ED2F8 /* SQTrimViewController.m */; };
		8639E37717E40D8E001ED2F8 /* SAResizibleBubble.m in Sources */ = {isa = PBXBuildFile; fileRef = 8639E37017E40D8E001ED2F8 /* SAResizibleBubble.m */; };
		8639E37817E40D8E001ED2F8 /* SASliderLeft.m in Sources */ = {isa = PBXBuildFile; fileRef = 8639E37217E40D8E001ED2F8 /* SASliderLeft.m */; };
		8639E37917E40D8E001ED2F8 /* SASliderRight.m in Sources */ = {isa = PBXBuildFile; fileRef = 8639E37417E40D8E001ED2F8 /* SASliderRight.m */; };
		8639E37A17E40D8E001ED2F8 /* SAVideoRangeSlider.m in Sources */ = {isa = PBXBuildFile; fileRef = 8639E37617E40D8E001ED2F8 /* SAVideoRangeSlider.m */; };
		863F62C517E50B7400C52AC9 /* SQTimeline.m in Sources */ = {isa = PBXBuildFile; fileRef = 863F62C417E50B7400C52AC9 /* SQTimeline.m */; };
		864AFD2717DFA7FD00A1286D /* SQClipTimeStretch.m in Sources */ = {isa = PBXBuildFile; fileRef = 864AFD2617DFA7FD00A1286D /* SQClipTimeStretch.m */; };
		86544C2317E423AA00240E28 /* JCMoviePlayer.m in Sources */ = {isa = PBXBuildFile; fileRef = 86544C2217E423AA00240E28 /* JCMoviePlayer.m */; };
		8658657D17CDCB6A00B5D7BD /* UIKit.framework in Frameworks */ = {isa = PBXBuildFile; fileRef = 8658657C17CDCB6A00B5D7BD /* UIKit.framework */; };
		8658657F17CDCB6A00B5D7BD /* Foundation.framework in Frameworks */ = {isa = PBXBuildFile; fileRef = 8658657E17CDCB6A00B5D7BD /* Foundation.framework */; };
		8658658117CDCB6A00B5D7BD /* CoreGraphics.framework in Frameworks */ = {isa = PBXBuildFile; fileRef = 8658658017CDCB6A00B5D7BD /* CoreGraphics.framework */; };
		8658658717CDCB6A00B5D7BD /* InfoPlist.strings in Resources */ = {isa = PBXBuildFile; fileRef = 8658658517CDCB6A00B5D7BD /* InfoPlist.strings */; };
		8658658917CDCB6A00B5D7BD /* main.m in Sources */ = {isa = PBXBuildFile; fileRef = 8658658817CDCB6A00B5D7BD /* main.m */; };
		8658658D17CDCB6A00B5D7BD /* SQAppDelegate.m in Sources */ = {isa = PBXBuildFile; fileRef = 8658658C17CDCB6A00B5D7BD /* SQAppDelegate.m */; };
		8658658F17CDCB6A00B5D7BD /* Default.png in Resources */ = {isa = PBXBuildFile; fileRef = 8658658E17CDCB6A00B5D7BD /* Default.png */; };
		8658659117CDCB6A00B5D7BD /* Default@2x.png in Resources */ = {isa = PBXBuildFile; fileRef = 8658659017CDCB6A00B5D7BD /* Default@2x.png */; };
		8658659317CDCB6A00B5D7BD /* Default-568h@2x.png in Resources */ = {isa = PBXBuildFile; fileRef = 8658659217CDCB6A00B5D7BD /* Default-568h@2x.png */; };
		8658659617CDCB6A00B5D7BD /* MainStoryboard.storyboard in Resources */ = {isa = PBXBuildFile; fileRef = 8658659417CDCB6A00B5D7BD /* MainStoryboard.storyboard */; };
		865865A217CDCB9200B5D7BD /* LXReorderableCollectionViewFlowLayout.m in Sources */ = {isa = PBXBuildFile; fileRef = 865865A117CDCB9200B5D7BD /* LXReorderableCollectionViewFlowLayout.m */; };
		865865A717CDCC2C00B5D7BD /* SRClip.m in Sources */ = {isa = PBXBuildFile; fileRef = 865865A417CDCC2C00B5D7BD /* SRClip.m */; };
		865865A817CDCC2C00B5D7BD /* SRSequencer.m in Sources */ = {isa = PBXBuildFile; fileRef = 865865A617CDCC2C00B5D7BD /* SRSequencer.m */; };
		865865AB17CDCC3A00B5D7BD /* AVAssetStitcher.m in Sources */ = {isa = PBXBuildFile; fileRef = 865865AA17CDCC3A00B5D7BD /* AVAssetStitcher.m */; };
		865865AD17CDCC4200B5D7BD /* AVFoundation.framework in Frameworks */ = {isa = PBXBuildFile; fileRef = 865865AC17CDCC4200B5D7BD /* AVFoundation.framework */; };
		865865AF17CDCC4700B5D7BD /* AssetsLibrary.framework in Frameworks */ = {isa = PBXBuildFile; fileRef = 865865AE17CDCC4700B5D7BD /* AssetsLibrary.framework */; };
		865865B217CDCC6F00B5D7BD /* SQRecordViewController.m in Sources */ = {isa = PBXBuildFile; fileRef = 865865B117CDCC6F00B5D7BD /* SQRecordViewController.m */; };
		865865B617CDD04200B5D7BD /* CoreVideo.framework in Frameworks */ = {isa = PBXBuildFile; fileRef = 865865B517CDD04200B5D7BD /* CoreVideo.framework */; };
		865865B817CDD05F00B5D7BD /* CoreMedia.framework in Frameworks */ = {isa = PBXBuildFile; fileRef = 865865B717CDD05F00B5D7BD /* CoreMedia.framework */; };
		865865BA17CDD09300B5D7BD /* QuartzCore.framework in Frameworks */ = {isa = PBXBuildFile; fileRef = 865865B917CDD09300B5D7BD /* QuartzCore.framework */; };
		865865BD17CDE8C000B5D7BD /* SQHomeViewController.m in Sources */ = {isa = PBXBuildFile; fileRef = 865865BC17CDE8C000B5D7BD /* SQHomeViewController.m */; };
		865865C117CDE99B00B5D7BD /* MediaPlayer.framework in Frameworks */ = {isa = PBXBuildFile; fileRef = 865865C017CDE99B00B5D7BD /* MediaPlayer.framework */; };
		865865C417CDF3A000B5D7BD /* MBProgressHUD.m in Sources */ = {isa = PBXBuildFile; fileRef = 865865C317CDF3A000B5D7BD /* MBProgressHUD.m */; };
		865865C817CDF63F00B5D7BD /* JCActionSheetManager.m in Sources */ = {isa = PBXBuildFile; fileRef = 865865C617CDF63F00B5D7BD /* JCActionSheetManager.m */; };
		865865CA17CDF6DA00B5D7BD /* MobileCoreServices.framework in Frameworks */ = {isa = PBXBuildFile; fileRef = 865865C917CDF6DA00B5D7BD /* MobileCoreServices.framework */; };
		8696EDC217E671CB0075DCE7 /* JCMath.m in Sources */ = {isa = PBXBuildFile; fileRef = 8696EDC117E671CB0075DCE7 /* JCMath.m */; };
		8696EDDE17E67A0E0075DCE7 /*  DiracAudioPlayer ReadMe.rtf in Resources */ = {isa = PBXBuildFile; fileRef = 8696EDC517E67A0E0075DCE7 /*  DiracAudioPlayer ReadMe.rtf */; };
		8696EDDF17E67A0E0075DCE7 /* DiracAudioPlayer.mm in Sources */ = {isa = PBXBuildFile; fileRef = 8696EDC717E67A0E0075DCE7 /* DiracAudioPlayer.mm */; };
		8696EDE017E67A0E0075DCE7 /* DiracAudioPlayerBase.mm in Sources */ = {isa = PBXBuildFile; fileRef = 8696EDC917E67A0E0075DCE7 /* DiracAudioPlayerBase.mm */; };
		8696EDE117E67A0E0075DCE7 /* DiracFxAudioPlayer.mm in Sources */ = {isa = PBXBuildFile; fileRef = 8696EDCB17E67A0E0075DCE7 /* DiracFxAudioPlayer.mm */; };
		8696EDE217E67A0E0075DCE7 /* EAFRead.mm in Sources */ = {isa = PBXBuildFile; fileRef = 8696EDCE17E67A0E0075DCE7 /* EAFRead.mm */; };
		8696EDE317E67A0E0075DCE7 /* EAFWrite.mm in Sources */ = {isa = PBXBuildFile; fileRef = 8696EDD017E67A0E0075DCE7 /* EAFWrite.mm */; };
		8696EDE417E67A0E0075DCE7 /* MainWindow.xib in Resources */ = {isa = PBXBuildFile; fileRef = 8696EDD217E67A0E0075DCE7 /* MainWindow.xib */; };
		8696EDE517E67A0E0075DCE7 /* song.aif in Resources */ = {isa = PBXBuildFile; fileRef = 8696EDD317E67A0E0075DCE7 /* song.aif */; };
		8696EDE617E67A0E0075DCE7 /* song2.caf in Resources */ = {isa = PBXBuildFile; fileRef = 8696EDD417E67A0E0075DCE7 /* song2.caf */; };
		8696EDE717E67A0E0075DCE7 /* test.aif in Resources */ = {isa = PBXBuildFile; fileRef = 8696EDD517E67A0E0075DCE7 /* test.aif */; };
		8696EDE817E67A0E0075DCE7 /* voice.aif in Resources */ = {isa = PBXBuildFile; fileRef = 8696EDD617E67A0E0075DCE7 /* voice.aif */; };
		8696EDE917E67A0E0075DCE7 /* libDIRAC_iOS-fat.a in Frameworks */ = {isa = PBXBuildFile; fileRef = 8696EDD917E67A0E0075DCE7 /* libDIRAC_iOS-fat.a */; };
		8696EDEB17E67A0E0075DCE7 /* Utilities.mm in Sources */ = {isa = PBXBuildFile; fileRef = 8696EDDD17E67A0E0075DCE7 /* Utilities.mm */; };
		8696EDEE17E680730075DCE7 /* SQVideoComposer.m in Sources */ = {isa = PBXBuildFile; fileRef = 8696EDED17E680730075DCE7 /* SQVideoComposer.m */; };
		86A271BC17D2BF5C0035A83F /* homeGraphic@2x.png in Resources */ = {isa = PBXBuildFile; fileRef = 86A271B817D2BF5C0035A83F /* homeGraphic@2x.png */; };
		86A271C517D2D5220035A83F /* clipCell.xib in Resources */ = {isa = PBXBuildFile; fileRef = 86A271C417D2D5220035A83F /* clipCell.xib */; };
		86A271C817D2D5710035A83F /* SQClipCell.m in Sources */ = {isa = PBXBuildFile; fileRef = 86A271C717D2D5710035A83F /* SQClipCell.m */; };
		86A6016717E59B3800666168 /* Accelerate.framework in Frameworks */ = {isa = PBXBuildFile; fileRef = 86A6016617E59B3800666168 /* Accelerate.framework */; };
		86A6016917E59B5400666168 /* AudioToolbox.framework in Frameworks */ = {isa = PBXBuildFile; fileRef = 86A6016817E59B5400666168 /* AudioToolbox.framework */; };
		86A6019517E59BA100666168 /* JCAudioRetime.mm in Sources */ = {isa = PBXBuildFile; fileRef = 86A6018617E59BA100666168 /* JCAudioRetime.mm */; settings = {COMPILER_FLAGS = "-fno-objc-arc"; }; };
		86A6019B17E59F9C00666168 /* JCAudioConverter.m in Sources */ = {isa = PBXBuildFile; fileRef = 86A6019A17E59F9C00666168 /* JCAudioConverter.m */; };
		86D43FF717E540810092C1D0 /* JCDropDown.m in Sources */ = {isa = PBXBuildFile; fileRef = 86D43FF617E540810092C1D0 /* JCDropDown.m */; };
		86D43FFA17E540D30092C1D0 /* JCDropDownAction.m in Sources */ = {isa = PBXBuildFile; fileRef = 86D43FF917E540D30092C1D0 /* JCDropDownAction.m */; };
/* End PBXBuildFile section */

/* Begin PBXFileReference section */
		8601067517DF7DE5002AEFC2 /* icon@2x.png */ = {isa = PBXFileReference; lastKnownFileType = image.png; path = "icon@2x.png"; sourceTree = "<group>"; };
		8601067717DF7DE7002AEFC2 /* icon.png */ = {isa = PBXFileReference; lastKnownFileType = image.png; path = icon.png; sourceTree = "<group>"; };
		8639E36B17E408AE001ED2F8 /* SQTrimViewController.h */ = {isa = PBXFileReference; fileEncoding = 4; lastKnownFileType = sourcecode.c.h; path = SQTrimViewController.h; sourceTree = "<group>"; };
		8639E36C17E408AE001ED2F8 /* SQTrimViewController.m */ = {isa = PBXFileReference; fileEncoding = 4; lastKnownFileType = sourcecode.c.objc; path = SQTrimViewController.m; sourceTree = "<group>"; };
		8639E36F17E40D8E001ED2F8 /* SAResizibleBubble.h */ = {isa = PBXFileReference; fileEncoding = 4; lastKnownFileType = sourcecode.c.h; path = SAResizibleBubble.h; sourceTree = "<group>"; };
		8639E37017E40D8E001ED2F8 /* SAResizibleBubble.m */ = {isa = PBXFileReference; fileEncoding = 4; lastKnownFileType = sourcecode.c.objc; path = SAResizibleBubble.m; sourceTree = "<group>"; };
		8639E37117E40D8E001ED2F8 /* SASliderLeft.h */ = {isa = PBXFileReference; fileEncoding = 4; lastKnownFileType = sourcecode.c.h; path = SASliderLeft.h; sourceTree = "<group>"; };
		8639E37217E40D8E001ED2F8 /* SASliderLeft.m */ = {isa = PBXFileReference; fileEncoding = 4; lastKnownFileType = sourcecode.c.objc; path = SASliderLeft.m; sourceTree = "<group>"; };
		8639E37317E40D8E001ED2F8 /* SASliderRight.h */ = {isa = PBXFileReference; fileEncoding = 4; lastKnownFileType = sourcecode.c.h; path = SASliderRight.h; sourceTree = "<group>"; };
		8639E37417E40D8E001ED2F8 /* SASliderRight.m */ = {isa = PBXFileReference; fileEncoding = 4; lastKnownFileType = sourcecode.c.objc; path = SASliderRight.m; sourceTree = "<group>"; };
		8639E37517E40D8E001ED2F8 /* SAVideoRangeSlider.h */ = {isa = PBXFileReference; fileEncoding = 4; lastKnownFileType = sourcecode.c.h; path = SAVideoRangeSlider.h; sourceTree = "<group>"; };
		8639E37617E40D8E001ED2F8 /* SAVideoRangeSlider.m */ = {isa = PBXFileReference; fileEncoding = 4; lastKnownFileType = sourcecode.c.objc; path = SAVideoRangeSlider.m; sourceTree = "<group>"; };
		863F62C317E50B7400C52AC9 /* SQTimeline.h */ = {isa = PBXFileReference; fileEncoding = 4; lastKnownFileType = sourcecode.c.h; path = SQTimeline.h; sourceTree = "<group>"; };
		863F62C417E50B7400C52AC9 /* SQTimeline.m */ = {isa = PBXFileReference; fileEncoding = 4; lastKnownFileType = sourcecode.c.objc; path = SQTimeline.m; sourceTree = "<group>"; };
		864AFD2517DFA7FD00A1286D /* SQClipTimeStretch.h */ = {isa = PBXFileReference; fileEncoding = 4; lastKnownFileType = sourcecode.c.h; path = SQClipTimeStretch.h; sourceTree = "<group>"; };
		864AFD2617DFA7FD00A1286D /* SQClipTimeStretch.m */ = {isa = PBXFileReference; fileEncoding = 4; lastKnownFileType = sourcecode.c.objc; path = SQClipTimeStretch.m; sourceTree = "<group>"; };
		86544C2117E423AA00240E28 /* JCMoviePlayer.h */ = {isa = PBXFileReference; fileEncoding = 4; lastKnownFileType = sourcecode.c.h; path = JCMoviePlayer.h; sourceTree = "<group>"; };
		86544C2217E423AA00240E28 /* JCMoviePlayer.m */ = {isa = PBXFileReference; fileEncoding = 4; lastKnownFileType = sourcecode.c.objc; path = JCMoviePlayer.m; sourceTree = "<group>"; };
		8658657917CDCB6A00B5D7BD /* Sequencer.app */ = {isa = PBXFileReference; explicitFileType = wrapper.application; includeInIndex = 0; path = Sequencer.app; sourceTree = BUILT_PRODUCTS_DIR; };
		8658657C17CDCB6A00B5D7BD /* UIKit.framework */ = {isa = PBXFileReference; lastKnownFileType = wrapper.framework; name = UIKit.framework; path = System/Library/Frameworks/UIKit.framework; sourceTree = SDKROOT; };
		8658657E17CDCB6A00B5D7BD /* Foundation.framework */ = {isa = PBXFileReference; lastKnownFileType = wrapper.framework; name = Foundation.framework; path = System/Library/Frameworks/Foundation.framework; sourceTree = SDKROOT; };
		8658658017CDCB6A00B5D7BD /* CoreGraphics.framework */ = {isa = PBXFileReference; lastKnownFileType = wrapper.framework; name = CoreGraphics.framework; path = System/Library/Frameworks/CoreGraphics.framework; sourceTree = SDKROOT; };
		8658658417CDCB6A00B5D7BD /* Sequencer-Info.plist */ = {isa = PBXFileReference; lastKnownFileType = text.plist.xml; path = "Sequencer-Info.plist"; sourceTree = "<group>"; };
		8658658617CDCB6A00B5D7BD /* en */ = {isa = PBXFileReference; lastKnownFileType = text.plist.strings; name = en; path = en.lproj/InfoPlist.strings; sourceTree = "<group>"; };
		8658658817CDCB6A00B5D7BD /* main.m */ = {isa = PBXFileReference; lastKnownFileType = sourcecode.c.objc; path = main.m; sourceTree = "<group>"; };
		8658658A17CDCB6A00B5D7BD /* Sequencer-Prefix.pch */ = {isa = PBXFileReference; lastKnownFileType = sourcecode.c.h; path = "Sequencer-Prefix.pch"; sourceTree = "<group>"; };
		8658658B17CDCB6A00B5D7BD /* SQAppDelegate.h */ = {isa = PBXFileReference; lastKnownFileType = sourcecode.c.h; path = SQAppDelegate.h; sourceTree = "<group>"; };
		8658658C17CDCB6A00B5D7BD /* SQAppDelegate.m */ = {isa = PBXFileReference; lastKnownFileType = sourcecode.c.objc; path = SQAppDelegate.m; sourceTree = "<group>"; };
		8658658E17CDCB6A00B5D7BD /* Default.png */ = {isa = PBXFileReference; lastKnownFileType = image.png; path = Default.png; sourceTree = "<group>"; };
		8658659017CDCB6A00B5D7BD /* Default@2x.png */ = {isa = PBXFileReference; lastKnownFileType = image.png; path = "Default@2x.png"; sourceTree = "<group>"; };
		8658659217CDCB6A00B5D7BD /* Default-568h@2x.png */ = {isa = PBXFileReference; lastKnownFileType = image.png; path = "Default-568h@2x.png"; sourceTree = "<group>"; };
		8658659517CDCB6A00B5D7BD /* en */ = {isa = PBXFileReference; lastKnownFileType = file.storyboard; name = en; path = en.lproj/MainStoryboard.storyboard; sourceTree = "<group>"; };
		865865A017CDCB9200B5D7BD /* LXReorderableCollectionViewFlowLayout.h */ = {isa = PBXFileReference; fileEncoding = 4; lastKnownFileType = sourcecode.c.h; path = LXReorderableCollectionViewFlowLayout.h; sourceTree = "<group>"; };
		865865A117CDCB9200B5D7BD /* LXReorderableCollectionViewFlowLayout.m */ = {isa = PBXFileReference; fileEncoding = 4; lastKnownFileType = sourcecode.c.objc; path = LXReorderableCollectionViewFlowLayout.m; sourceTree = "<group>"; };
		865865A317CDCC2C00B5D7BD /* SRClip.h */ = {isa = PBXFileReference; fileEncoding = 4; lastKnownFileType = sourcecode.c.h; name = SRClip.h; path = ../SRClip.h; sourceTree = "<group>"; };
		865865A417CDCC2C00B5D7BD /* SRClip.m */ = {isa = PBXFileReference; fileEncoding = 4; lastKnownFileType = sourcecode.c.objc; name = SRClip.m; path = ../SRClip.m; sourceTree = "<group>"; };
		865865A517CDCC2C00B5D7BD /* SRSequencer.h */ = {isa = PBXFileReference; fileEncoding = 4; lastKnownFileType = sourcecode.c.h; name = SRSequencer.h; path = ../SRSequencer.h; sourceTree = "<group>"; };
		865865A617CDCC2C00B5D7BD /* SRSequencer.m */ = {isa = PBXFileReference; fileEncoding = 4; lastKnownFileType = sourcecode.c.objc; name = SRSequencer.m; path = ../SRSequencer.m; sourceTree = "<group>"; };
		865865A917CDCC3A00B5D7BD /* AVAssetStitcher.h */ = {isa = PBXFileReference; fileEncoding = 4; lastKnownFileType = sourcecode.c.h; name = AVAssetStitcher.h; path = ../AVAssetStitcher.h; sourceTree = "<group>"; };
		865865AA17CDCC3A00B5D7BD /* AVAssetStitcher.m */ = {isa = PBXFileReference; fileEncoding = 4; lastKnownFileType = sourcecode.c.objc; name = AVAssetStitcher.m; path = ../AVAssetStitcher.m; sourceTree = "<group>"; };
		865865AC17CDCC4200B5D7BD /* AVFoundation.framework */ = {isa = PBXFileReference; lastKnownFileType = wrapper.framework; name = AVFoundation.framework; path = System/Library/Frameworks/AVFoundation.framework; sourceTree = SDKROOT; };
		865865AE17CDCC4700B5D7BD /* AssetsLibrary.framework */ = {isa = PBXFileReference; lastKnownFileType = wrapper.framework; name = AssetsLibrary.framework; path = System/Library/Frameworks/AssetsLibrary.framework; sourceTree = SDKROOT; };
		865865B017CDCC6F00B5D7BD /* SQRecordViewController.h */ = {isa = PBXFileReference; fileEncoding = 4; lastKnownFileType = sourcecode.c.h; path = SQRecordViewController.h; sourceTree = "<group>"; };
		865865B117CDCC6F00B5D7BD /* SQRecordViewController.m */ = {isa = PBXFileReference; fileEncoding = 4; lastKnownFileType = sourcecode.c.objc; path = SQRecordViewController.m; sourceTree = "<group>"; };
		865865B417CDD01300B5D7BD /* Macros.h */ = {isa = PBXFileReference; fileEncoding = 4; lastKnownFileType = sourcecode.c.h; path = Macros.h; sourceTree = "<group>"; };
		865865B517CDD04200B5D7BD /* CoreVideo.framework */ = {isa = PBXFileReference; lastKnownFileType = wrapper.framework; name = CoreVideo.framework; path = System/Library/Frameworks/CoreVideo.framework; sourceTree = SDKROOT; };
		865865B717CDD05F00B5D7BD /* CoreMedia.framework */ = {isa = PBXFileReference; lastKnownFileType = wrapper.framework; name = CoreMedia.framework; path = System/Library/Frameworks/CoreMedia.framework; sourceTree = SDKROOT; };
		865865B917CDD09300B5D7BD /* QuartzCore.framework */ = {isa = PBXFileReference; lastKnownFileType = wrapper.framework; name = QuartzCore.framework; path = System/Library/Frameworks/QuartzCore.framework; sourceTree = SDKROOT; };
		865865BB17CDE8C000B5D7BD /* SQHomeViewController.h */ = {isa = PBXFileReference; fileEncoding = 4; lastKnownFileType = sourcecode.c.h; path = SQHomeViewController.h; sourceTree = "<group>"; };
		865865BC17CDE8C000B5D7BD /* SQHomeViewController.m */ = {isa = PBXFileReference; fileEncoding = 4; lastKnownFileType = sourcecode.c.objc; path = SQHomeViewController.m; sourceTree = "<group>"; };
		865865C017CDE99B00B5D7BD /* MediaPlayer.framework */ = {isa = PBXFileReference; lastKnownFileType = wrapper.framework; name = MediaPlayer.framework; path = System/Library/Frameworks/MediaPlayer.framework; sourceTree = SDKROOT; };
		865865C217CDF3A000B5D7BD /* MBProgressHUD.h */ = {isa = PBXFileReference; fileEncoding = 4; lastKnownFileType = sourcecode.c.h; path = MBProgressHUD.h; sourceTree = "<group>"; };
		865865C317CDF3A000B5D7BD /* MBProgressHUD.m */ = {isa = PBXFileReference; fileEncoding = 4; lastKnownFileType = sourcecode.c.objc; path = MBProgressHUD.m; sourceTree = "<group>"; };
		865865C617CDF63F00B5D7BD /* JCActionSheetManager.m */ = {isa = PBXFileReference; fileEncoding = 4; lastKnownFileType = sourcecode.c.objc; path = JCActionSheetManager.m; sourceTree = "<group>"; };
		865865C717CDF63F00B5D7BD /* JCActionSheetManager.h */ = {isa = PBXFileReference; fileEncoding = 4; lastKnownFileType = sourcecode.c.h; path = JCActionSheetManager.h; sourceTree = "<group>"; };
		865865C917CDF6DA00B5D7BD /* MobileCoreServices.framework */ = {isa = PBXFileReference; lastKnownFileType = wrapper.framework; name = MobileCoreServices.framework; path = System/Library/Frameworks/MobileCoreServices.framework; sourceTree = SDKROOT; };
		8696EDC017E671CB0075DCE7 /* JCMath.h */ = {isa = PBXFileReference; fileEncoding = 4; lastKnownFileType = sourcecode.c.h; path = JCMath.h; sourceTree = "<group>"; };
		8696EDC117E671CB0075DCE7 /* JCMath.m */ = {isa = PBXFileReference; fileEncoding = 4; lastKnownFileType = sourcecode.c.objc; path = JCMath.m; sourceTree = "<group>"; };
		8696EDC517E67A0E0075DCE7 /*  DiracAudioPlayer ReadMe.rtf */ = {isa = PBXFileReference; fileEncoding = 4; lastKnownFileType = text.rtf; path = " DiracAudioPlayer ReadMe.rtf"; sourceTree = "<group>"; };
		8696EDC617E67A0E0075DCE7 /* DiracAudioPlayer.h */ = {isa = PBXFileReference; fileEncoding = 4; lastKnownFileType = sourcecode.c.h; path = DiracAudioPlayer.h; sourceTree = "<group>"; };
		8696EDC717E67A0E0075DCE7 /* DiracAudioPlayer.mm */ = {isa = PBXFileReference; fileEncoding = 4; lastKnownFileType = sourcecode.cpp.objcpp; path = DiracAudioPlayer.mm; sourceTree = "<group>"; };
		8696EDC817E67A0E0075DCE7 /* DiracAudioPlayerBase.h */ = {isa = PBXFileReference; fileEncoding = 4; lastKnownFileType = sourcecode.c.h; path = DiracAudioPlayerBase.h; sourceTree = "<group>"; };
		8696EDC917E67A0E0075DCE7 /* DiracAudioPlayerBase.mm */ = {isa = PBXFileReference; fileEncoding = 4; lastKnownFileType = sourcecode.cpp.objcpp; path = DiracAudioPlayerBase.mm; sourceTree = "<group>"; };
		8696EDCA17E67A0E0075DCE7 /* DiracFxAudioPlayer.h */ = {isa = PBXFileReference; fileEncoding = 4; lastKnownFileType = sourcecode.c.h; path = DiracFxAudioPlayer.h; sourceTree = "<group>"; };
		8696EDCB17E67A0E0075DCE7 /* DiracFxAudioPlayer.mm */ = {isa = PBXFileReference; fileEncoding = 4; lastKnownFileType = sourcecode.cpp.objcpp; path = DiracFxAudioPlayer.mm; sourceTree = "<group>"; };
		8696EDCD17E67A0E0075DCE7 /* EAFRead.h */ = {isa = PBXFileReference; fileEncoding = 4; lastKnownFileType = sourcecode.c.h; path = EAFRead.h; sourceTree = "<group>"; };
		8696EDCE17E67A0E0075DCE7 /* EAFRead.mm */ = {isa = PBXFileReference; fileEncoding = 4; lastKnownFileType = sourcecode.cpp.objcpp; path = EAFRead.mm; sourceTree = "<group>"; };
		8696EDCF17E67A0E0075DCE7 /* EAFWrite.h */ = {isa = PBXFileReference; fileEncoding = 4; lastKnownFileType = sourcecode.c.h; path = EAFWrite.h; sourceTree = "<group>"; };
		8696EDD017E67A0E0075DCE7 /* EAFWrite.mm */ = {isa = PBXFileReference; fileEncoding = 4; lastKnownFileType = sourcecode.cpp.objcpp; path = EAFWrite.mm; sourceTree = "<group>"; };
		8696EDD217E67A0E0075DCE7 /* MainWindow.xib */ = {isa = PBXFileReference; fileEncoding = 4; lastKnownFileType = file.xib; path = MainWindow.xib; sourceTree = "<group>"; };
		8696EDD317E67A0E0075DCE7 /* song.aif */ = {isa = PBXFileReference; lastKnownFileType = file; path = song.aif; sourceTree = "<group>"; };
		8696EDD417E67A0E0075DCE7 /* song2.caf */ = {isa = PBXFileReference; lastKnownFileType = file; path = song2.caf; sourceTree = "<group>"; };
		8696EDD517E67A0E0075DCE7 /* test.aif */ = {isa = PBXFileReference; lastKnownFileType = file; path = test.aif; sourceTree = "<group>"; };
		8696EDD617E67A0E0075DCE7 /* voice.aif */ = {isa = PBXFileReference; lastKnownFileType = file; path = voice.aif; sourceTree = "<group>"; };
		8696EDD817E67A0E0075DCE7 /* Dirac.h */ = {isa = PBXFileReference; fileEncoding = 4; lastKnownFileType = sourcecode.c.h; path = Dirac.h; sourceTree = "<group>"; };
		8696EDD917E67A0E0075DCE7 /* libDIRAC_iOS-fat.a */ = {isa = PBXFileReference; lastKnownFileType = archive.ar; path = "libDIRAC_iOS-fat.a"; sourceTree = "<group>"; };
		8696EDDA17E67A0E0075DCE7 /* libDIRAC_iOS4-fat.a */ = {isa = PBXFileReference; lastKnownFileType = archive.ar; path = "libDIRAC_iOS4-fat.a"; sourceTree = "<group>"; };
		8696EDDC17E67A0E0075DCE7 /* Utilities.h */ = {isa = PBXFileReference; fileEncoding = 4; lastKnownFileType = sourcecode.c.h; path = Utilities.h; sourceTree = "<group>"; };
		8696EDDD17E67A0E0075DCE7 /* Utilities.mm */ = {isa = PBXFileReference; fileEncoding = 4; lastKnownFileType = sourcecode.cpp.objcpp; path = Utilities.mm; sourceTree = "<group>"; };
		8696EDEC17E680730075DCE7 /* SQVideoComposer.h */ = {isa = PBXFileReference; fileEncoding = 4; lastKnownFileType = sourcecode.c.h; path = SQVideoComposer.h; sourceTree = "<group>"; };
		8696EDED17E680730075DCE7 /* SQVideoComposer.m */ = {isa = PBXFileReference; fileEncoding = 4; lastKnownFileType = sourcecode.c.objc; path = SQVideoComposer.m; sourceTree = "<group>"; };
		86A271B817D2BF5C0035A83F /* homeGraphic@2x.png */ = {isa = PBXFileReference; lastKnownFileType = image.png; path = "homeGraphic@2x.png"; sourceTree = "<group>"; };
		86A271C417D2D5220035A83F /* clipCell.xib */ = {isa = PBXFileReference; fileEncoding = 4; lastKnownFileType = file.xib; path = clipCell.xib; sourceTree = "<group>"; };
		86A271C617D2D5710035A83F /* SQClipCell.h */ = {isa = PBXFileReference; fileEncoding = 4; lastKnownFileType = sourcecode.c.h; path = SQClipCell.h; sourceTree = "<group>"; };
		86A271C717D2D5710035A83F /* SQClipCell.m */ = {isa = PBXFileReference; fileEncoding = 4; lastKnownFileType = sourcecode.c.objc; path = SQClipCell.m; sourceTree = "<group>"; };
		86A6016617E59B3800666168 /* Accelerate.framework */ = {isa = PBXFileReference; lastKnownFileType = wrapper.framework; name = Accelerate.framework; path = System/Library/Frameworks/Accelerate.framework; sourceTree = SDKROOT; };
		86A6016817E59B5400666168 /* AudioToolbox.framework */ = {isa = PBXFileReference; lastKnownFileType = wrapper.framework; name = AudioToolbox.framework; path = System/Library/Frameworks/AudioToolbox.framework; sourceTree = SDKROOT; };
		86A6018517E59BA100666168 /* JCAudioRetime.h */ = {isa = PBXFileReference; fileEncoding = 4; lastKnownFileType = sourcecode.c.h; path = JCAudioRetime.h; sourceTree = "<group>"; };
		86A6018617E59BA100666168 /* JCAudioRetime.mm */ = {isa = PBXFileReference; fileEncoding = 4; lastKnownFileType = sourcecode.cpp.objcpp; path = JCAudioRetime.mm; sourceTree = "<group>"; };
		86A6019917E59F9C00666168 /* JCAudioConverter.h */ = {isa = PBXFileReference; fileEncoding = 4; lastKnownFileType = sourcecode.c.h; name = JCAudioConverter.h; path = Sequencer/JCAudioConverter.h; sourceTree = "<group>"; };
		86A6019A17E59F9C00666168 /* JCAudioConverter.m */ = {isa = PBXFileReference; fileEncoding = 4; lastKnownFileType = sourcecode.c.objc; name = JCAudioConverter.m; path = Sequencer/JCAudioConverter.m; sourceTree = "<group>"; };
		86D43FF517E540810092C1D0 /* JCDropDown.h */ = {isa = PBXFileReference; fileEncoding = 4; lastKnownFileType = sourcecode.c.h; path = JCDropDown.h; sourceTree = "<group>"; };
		86D43FF617E540810092C1D0 /* JCDropDown.m */ = {isa = PBXFileReference; fileEncoding = 4; lastKnownFileType = sourcecode.c.objc; path = JCDropDown.m; sourceTree = "<group>"; };
		86D43FF817E540D30092C1D0 /* JCDropDownAction.h */ = {isa = PBXFileReference; fileEncoding = 4; lastKnownFileType = sourcecode.c.h; path = JCDropDownAction.h; sourceTree = "<group>"; };
		86D43FF917E540D30092C1D0 /* JCDropDownAction.m */ = {isa = PBXFileReference; fileEncoding = 4; lastKnownFileType = sourcecode.c.objc; path = JCDropDownAction.m; sourceTree = "<group>"; };
/* End PBXFileReference section */

/* Begin PBXFrameworksBuildPhase section */
		8658657617CDCB6A00B5D7BD /* Frameworks */ = {
			isa = PBXFrameworksBuildPhase;
			buildActionMask = 2147483647;
			files = (
				86A6016917E59B5400666168 /* AudioToolbox.framework in Frameworks */,
				86A6016717E59B3800666168 /* Accelerate.framework in Frameworks */,
				865865CA17CDF6DA00B5D7BD /* MobileCoreServices.framework in Frameworks */,
				865865C117CDE99B00B5D7BD /* MediaPlayer.framework in Frameworks */,
				865865BA17CDD09300B5D7BD /* QuartzCore.framework in Frameworks */,
				865865B817CDD05F00B5D7BD /* CoreMedia.framework in Frameworks */,
				865865B617CDD04200B5D7BD /* CoreVideo.framework in Frameworks */,
				865865AF17CDCC4700B5D7BD /* AssetsLibrary.framework in Frameworks */,
				865865AD17CDCC4200B5D7BD /* AVFoundation.framework in Frameworks */,
				8658657D17CDCB6A00B5D7BD /* UIKit.framework in Frameworks */,
				8658657F17CDCB6A00B5D7BD /* Foundation.framework in Frameworks */,
				8658658117CDCB6A00B5D7BD /* CoreGraphics.framework in Frameworks */,
				8696EDE917E67A0E0075DCE7 /* libDIRAC_iOS-fat.a in Frameworks */,
			);
			runOnlyForDeploymentPostprocessing = 0;
		};
/* End PBXFrameworksBuildPhase section */

/* Begin PBXGroup section */
		8639E36E17E40D8E001ED2F8 /* SAVideoRangeSlider */ = {
			isa = PBXGroup;
			children = (
				8639E36F17E40D8E001ED2F8 /* SAResizibleBubble.h */,
				8639E37017E40D8E001ED2F8 /* SAResizibleBubble.m */,
				8639E37117E40D8E001ED2F8 /* SASliderLeft.h */,
				8639E37217E40D8E001ED2F8 /* SASliderLeft.m */,
				8639E37317E40D8E001ED2F8 /* SASliderRight.h */,
				8639E37417E40D8E001ED2F8 /* SASliderRight.m */,
				8639E37517E40D8E001ED2F8 /* SAVideoRangeSlider.h */,
				8639E37617E40D8E001ED2F8 /* SAVideoRangeSlider.m */,
			);
			path = SAVideoRangeSlider;
			sourceTree = "<group>";
		};
		8658657017CDCB6A00B5D7BD = {
			isa = PBXGroup;
			children = (
				8601067717DF7DE7002AEFC2 /* icon.png */,
				8601067517DF7DE5002AEFC2 /* icon@2x.png */,
				8658658217CDCB6A00B5D7BD /* Sequencer */,
				8658657B17CDCB6A00B5D7BD /* Frameworks */,
				8658657A17CDCB6A00B5D7BD /* Products */,
			);
			sourceTree = "<group>";
		};
		8658657A17CDCB6A00B5D7BD /* Products */ = {
			isa = PBXGroup;
			children = (
				8658657917CDCB6A00B5D7BD /* Sequencer.app */,
			);
			name = Products;
			sourceTree = "<group>";
		};
		8658657B17CDCB6A00B5D7BD /* Frameworks */ = {
			isa = PBXGroup;
			children = (
				8696EDC017E671CB0075DCE7 /* JCMath.h */,
				8696EDC117E671CB0075DCE7 /* JCMath.m */,
				86A6019917E59F9C00666168 /* JCAudioConverter.h */,
				86A6019A17E59F9C00666168 /* JCAudioConverter.m */,
				86A6019C17E5A02F00666168 /* Audio Retime */,
				8639E36E17E40D8E001ED2F8 /* SAVideoRangeSlider */,
				865865C617CDF63F00B5D7BD /* JCActionSheetManager.m */,
				865865C717CDF63F00B5D7BD /* JCActionSheetManager.h */,
				865865C517CDF3A400B5D7BD /* MBProgress */,
				865865B417CDD01300B5D7BD /* Macros.h */,
				8658659F17CDCB9200B5D7BD /* LXReorderableCollectionViewFlowLayout */,
				86A6016817E59B5400666168 /* AudioToolbox.framework */,
				86A6016617E59B3800666168 /* Accelerate.framework */,
				865865C917CDF6DA00B5D7BD /* MobileCoreServices.framework */,
				865865C017CDE99B00B5D7BD /* MediaPlayer.framework */,
				865865B917CDD09300B5D7BD /* QuartzCore.framework */,
				865865B717CDD05F00B5D7BD /* CoreMedia.framework */,
				865865B517CDD04200B5D7BD /* CoreVideo.framework */,
				865865AE17CDCC4700B5D7BD /* AssetsLibrary.framework */,
				865865AC17CDCC4200B5D7BD /* AVFoundation.framework */,
				8658657C17CDCB6A00B5D7BD /* UIKit.framework */,
				8658657E17CDCB6A00B5D7BD /* Foundation.framework */,
				8658658017CDCB6A00B5D7BD /* CoreGraphics.framework */,
			);
			name = Frameworks;
			sourceTree = "<group>";
		};
		8658658217CDCB6A00B5D7BD /* Sequencer */ = {
			isa = PBXGroup;
			children = (
				86A271B717D2BF5C0035A83F /* media */,
				8658658B17CDCB6A00B5D7BD /* SQAppDelegate.h */,
				8658658C17CDCB6A00B5D7BD /* SQAppDelegate.m */,
				8658659417CDCB6A00B5D7BD /* MainStoryboard.storyboard */,
				865865BE17CDE8C500B5D7BD /* View */,
				865865BF17CDE8CE00B5D7BD /* Model */,
				8658658317CDCB6A00B5D7BD /* Supporting Files */,
			);
			path = Sequencer;
			sourceTree = "<group>";
		};
		8658658317CDCB6A00B5D7BD /* Supporting Files */ = {
			isa = PBXGroup;
			children = (
				8658658417CDCB6A00B5D7BD /* Sequencer-Info.plist */,
				8658658517CDCB6A00B5D7BD /* InfoPlist.strings */,
				8658658817CDCB6A00B5D7BD /* main.m */,
				8658658A17CDCB6A00B5D7BD /* Sequencer-Prefix.pch */,
				8658658E17CDCB6A00B5D7BD /* Default.png */,
				8658659017CDCB6A00B5D7BD /* Default@2x.png */,
				8658659217CDCB6A00B5D7BD /* Default-568h@2x.png */,
			);
			name = "Supporting Files";
			sourceTree = "<group>";
		};
		8658659F17CDCB9200B5D7BD /* LXReorderableCollectionViewFlowLayout */ = {
			isa = PBXGroup;
			children = (
				865865A017CDCB9200B5D7BD /* LXReorderableCollectionViewFlowLayout.h */,
				865865A117CDCB9200B5D7BD /* LXReorderableCollectionViewFlowLayout.m */,
			);
			path = LXReorderableCollectionViewFlowLayout;
			sourceTree = "<group>";
		};
		865865BE17CDE8C500B5D7BD /* View */ = {
			isa = PBXGroup;
			children = (
				865865B017CDCC6F00B5D7BD /* SQRecordViewController.h */,
				865865B117CDCC6F00B5D7BD /* SQRecordViewController.m */,
				865865BB17CDE8C000B5D7BD /* SQHomeViewController.h */,
				865865BC17CDE8C000B5D7BD /* SQHomeViewController.m */,
				8639E36B17E408AE001ED2F8 /* SQTrimViewController.h */,
				8639E36C17E408AE001ED2F8 /* SQTrimViewController.m */,
				86A271C417D2D5220035A83F /* clipCell.xib */,
				86A271C617D2D5710035A83F /* SQClipCell.h */,
				86A271C717D2D5710035A83F /* SQClipCell.m */,
			);
			name = View;
			sourceTree = "<group>";
		};
		865865BF17CDE8CE00B5D7BD /* Model */ = {
			isa = PBXGroup;
			children = (
				86544C2117E423AA00240E28 /* JCMoviePlayer.h */,
				86544C2217E423AA00240E28 /* JCMoviePlayer.m */,
				863F62C317E50B7400C52AC9 /* SQTimeline.h */,
				863F62C417E50B7400C52AC9 /* SQTimeline.m */,
				86D43FF517E540810092C1D0 /* JCDropDown.h */,
				86D43FF617E540810092C1D0 /* JCDropDown.m */,
				86D43FF817E540D30092C1D0 /* JCDropDownAction.h */,
				86D43FF917E540D30092C1D0 /* JCDropDownAction.m */,
				865865A317CDCC2C00B5D7BD /* SRClip.h */,
				865865A417CDCC2C00B5D7BD /* SRClip.m */,
				865865A517CDCC2C00B5D7BD /* SRSequencer.h */,
				865865A617CDCC2C00B5D7BD /* SRSequencer.m */,
				865865A917CDCC3A00B5D7BD /* AVAssetStitcher.h */,
				865865AA17CDCC3A00B5D7BD /* AVAssetStitcher.m */,
				864AFD2517DFA7FD00A1286D /* SQClipTimeStretch.h */,
				864AFD2617DFA7FD00A1286D /* SQClipTimeStretch.m */,
				8696EDEC17E680730075DCE7 /* SQVideoComposer.h */,
				8696EDED17E680730075DCE7 /* SQVideoComposer.m */,
			);
			name = Model;
			sourceTree = "<group>";
		};
		865865C517CDF3A400B5D7BD /* MBProgress */ = {
			isa = PBXGroup;
			children = (
				865865C217CDF3A000B5D7BD /* MBProgressHUD.h */,
				865865C317CDF3A000B5D7BD /* MBProgressHUD.m */,
			);
			name = MBProgress;
			sourceTree = "<group>";
		};
		8696EDC317E67A0E0075DCE7 /* Common Files */ = {
			isa = PBXGroup;
			children = (
				8696EDC417E67A0E0075DCE7 /* DiracAudioPlayer */,
				8696EDCC17E67A0E0075DCE7 /* ExtAudioFile */,
				8696EDD117E67A0E0075DCE7 /* res */,
				8696EDD717E67A0E0075DCE7 /* src */,
				8696EDDB17E67A0E0075DCE7 /* util */,
			);
			path = "Common Files";
			sourceTree = "<group>";
		};
		8696EDC417E67A0E0075DCE7 /* DiracAudioPlayer */ = {
			isa = PBXGroup;
			children = (
				8696EDC517E67A0E0075DCE7 /*  DiracAudioPlayer ReadMe.rtf */,
				8696EDC617E67A0E0075DCE7 /* DiracAudioPlayer.h */,
				8696EDC717E67A0E0075DCE7 /* DiracAudioPlayer.mm */,
				8696EDC817E67A0E0075DCE7 /* DiracAudioPlayerBase.h */,
				8696EDC917E67A0E0075DCE7 /* DiracAudioPlayerBase.mm */,
				8696EDCA17E67A0E0075DCE7 /* DiracFxAudioPlayer.h */,
				8696EDCB17E67A0E0075DCE7 /* DiracFxAudioPlayer.mm */,
			);
			path = DiracAudioPlayer;
			sourceTree = "<group>";
		};
		8696EDCC17E67A0E0075DCE7 /* ExtAudioFile */ = {
			isa = PBXGroup;
			children = (
				8696EDCD17E67A0E0075DCE7 /* EAFRead.h */,
				8696EDCE17E67A0E0075DCE7 /* EAFRead.mm */,
				8696EDCF17E67A0E0075DCE7 /* EAFWrite.h */,
				8696EDD017E67A0E0075DCE7 /* EAFWrite.mm */,
			);
			path = ExtAudioFile;
			sourceTree = "<group>";
		};
		8696EDD117E67A0E0075DCE7 /* res */ = {
			isa = PBXGroup;
			children = (
				8696EDD217E67A0E0075DCE7 /* MainWindow.xib */,
				8696EDD317E67A0E0075DCE7 /* song.aif */,
				8696EDD417E67A0E0075DCE7 /* song2.caf */,
				8696EDD517E67A0E0075DCE7 /* test.aif */,
				8696EDD617E67A0E0075DCE7 /* voice.aif */,
			);
			path = res;
			sourceTree = "<group>";
		};
		8696EDD717E67A0E0075DCE7 /* src */ = {
			isa = PBXGroup;
			children = (
				8696EDD817E67A0E0075DCE7 /* Dirac.h */,
				8696EDD917E67A0E0075DCE7 /* libDIRAC_iOS-fat.a */,
				8696EDDA17E67A0E0075DCE7 /* libDIRAC_iOS4-fat.a */,
			);
			path = src;
			sourceTree = "<group>";
		};
		8696EDDB17E67A0E0075DCE7 /* util */ = {
			isa = PBXGroup;
			children = (
				8696EDDC17E67A0E0075DCE7 /* Utilities.h */,
				8696EDDD17E67A0E0075DCE7 /* Utilities.mm */,
			);
			path = util;
			sourceTree = "<group>";
		};
		86A271B717D2BF5C0035A83F /* media */ = {
			isa = PBXGroup;
			children = (
				86A271B817D2BF5C0035A83F /* homeGraphic@2x.png */,
			);
			path = media;
			sourceTree = "<group>";
		};
		86A6019C17E5A02F00666168 /* Audio Retime */ = {
			isa = PBXGroup;
			children = (
				8696EDC317E67A0E0075DCE7 /* Common Files */,
				86A6018517E59BA100666168 /* JCAudioRetime.h */,
				86A6018617E59BA100666168 /* JCAudioRetime.mm */,
			);
			name = "Audio Retime";
			sourceTree = "<group>";
		};
/* End PBXGroup section */

/* Begin PBXNativeTarget section */
		8658657817CDCB6A00B5D7BD /* Sequencer */ = {
			isa = PBXNativeTarget;
			buildConfigurationList = 8658659C17CDCB6A00B5D7BD /* Build configuration list for PBXNativeTarget "Sequencer" */;
			buildPhases = (
				8658657517CDCB6A00B5D7BD /* Sources */,
				8658657617CDCB6A00B5D7BD /* Frameworks */,
				8658657717CDCB6A00B5D7BD /* Resources */,
			);
			buildRules = (
			);
			dependencies = (
			);
			name = Sequencer;
			productName = Sequencer;
			productReference = 8658657917CDCB6A00B5D7BD /* Sequencer.app */;
			productType = "com.apple.product-type.application";
		};
/* End PBXNativeTarget section */

/* Begin PBXProject section */
		8658657117CDCB6A00B5D7BD /* Project object */ = {
			isa = PBXProject;
			attributes = {
				CLASSPREFIX = SQ;
				LastUpgradeCheck = 0460;
				ORGANIZATIONNAME = "Jon Como";
			};
			buildConfigurationList = 8658657417CDCB6A00B5D7BD /* Build configuration list for PBXProject "Sequencer" */;
			compatibilityVersion = "Xcode 3.2";
			developmentRegion = English;
			hasScannedForEncodings = 0;
			knownRegions = (
				en,
			);
			mainGroup = 8658657017CDCB6A00B5D7BD;
			productRefGroup = 8658657A17CDCB6A00B5D7BD /* Products */;
			projectDirPath = "";
			projectRoot = "";
			targets = (
				8658657817CDCB6A00B5D7BD /* Sequencer */,
			);
		};
/* End PBXProject section */

/* Begin PBXResourcesBuildPhase section */
		8658657717CDCB6A00B5D7BD /* Resources */ = {
			isa = PBXResourcesBuildPhase;
			buildActionMask = 2147483647;
			files = (
				8658658717CDCB6A00B5D7BD /* InfoPlist.strings in Resources */,
				8658658F17CDCB6A00B5D7BD /* Default.png in Resources */,
				8658659117CDCB6A00B5D7BD /* Default@2x.png in Resources */,
				8658659317CDCB6A00B5D7BD /* Default-568h@2x.png in Resources */,
				8658659617CDCB6A00B5D7BD /* MainStoryboard.storyboard in Resources */,
				86A271BC17D2BF5C0035A83F /* homeGraphic@2x.png in Resources */,
				86A271C517D2D5220035A83F /* clipCell.xib in Resources */,
				8601067617DF7DE5002AEFC2 /* icon@2x.png in Resources */,
				8601067817DF7DE7002AEFC2 /* icon.png in Resources */,
				8696EDDE17E67A0E0075DCE7 /*  DiracAudioPlayer ReadMe.rtf in Resources */,
				8696EDE417E67A0E0075DCE7 /* MainWindow.xib in Resources */,
				8696EDE517E67A0E0075DCE7 /* song.aif in Resources */,
				8696EDE617E67A0E0075DCE7 /* song2.caf in Resources */,
				8696EDE717E67A0E0075DCE7 /* test.aif in Resources */,
				8696EDE817E67A0E0075DCE7 /* voice.aif in Resources */,
			);
			runOnlyForDeploymentPostprocessing = 0;
		};
/* End PBXResourcesBuildPhase section */

/* Begin PBXSourcesBuildPhase section */
		8658657517CDCB6A00B5D7BD /* Sources */ = {
			isa = PBXSourcesBuildPhase;
			buildActionMask = 2147483647;
			files = (
				8658658917CDCB6A00B5D7BD /* main.m in Sources */,
				8658658D17CDCB6A00B5D7BD /* SQAppDelegate.m in Sources */,
				865865A217CDCB9200B5D7BD /* LXReorderableCollectionViewFlowLayout.m in Sources */,
				865865A717CDCC2C00B5D7BD /* SRClip.m in Sources */,
				865865A817CDCC2C00B5D7BD /* SRSequencer.m in Sources */,
				865865AB17CDCC3A00B5D7BD /* AVAssetStitcher.m in Sources */,
				865865B217CDCC6F00B5D7BD /* SQRecordViewController.m in Sources */,
				865865BD17CDE8C000B5D7BD /* SQHomeViewController.m in Sources */,
				865865C417CDF3A000B5D7BD /* MBProgressHUD.m in Sources */,
				865865C817CDF63F00B5D7BD /* JCActionSheetManager.m in Sources */,
				86A271C817D2D5710035A83F /* SQClipCell.m in Sources */,
				864AFD2717DFA7FD00A1286D /* SQClipTimeStretch.m in Sources */,
				8639E36D17E408AE001ED2F8 /* SQTrimViewController.m in Sources */,
				8639E37717E40D8E001ED2F8 /* SAResizibleBubble.m in Sources */,
				8639E37817E40D8E001ED2F8 /* SASliderLeft.m in Sources */,
				8639E37917E40D8E001ED2F8 /* SASliderRight.m in Sources */,
				8639E37A17E40D8E001ED2F8 /* SAVideoRangeSlider.m in Sources */,
				86544C2317E423AA00240E28 /* JCMoviePlayer.m in Sources */,
				863F62C517E50B7400C52AC9 /* SQTimeline.m in Sources */,
				86D43FF717E540810092C1D0 /* JCDropDown.m in Sources */,
				86D43FFA17E540D30092C1D0 /* JCDropDownAction.m in Sources */,
				86A6019517E59BA100666168 /* JCAudioRetime.mm in Sources */,
				86A6019B17E59F9C00666168 /* JCAudioConverter.m in Sources */,
				8696EDC217E671CB0075DCE7 /* JCMath.m in Sources */,
				8696EDDF17E67A0E0075DCE7 /* DiracAudioPlayer.mm in Sources */,
				8696EDE017E67A0E0075DCE7 /* DiracAudioPlayerBase.mm in Sources */,
				8696EDE117E67A0E0075DCE7 /* DiracFxAudioPlayer.mm in Sources */,
				8696EDE217E67A0E0075DCE7 /* EAFRead.mm in Sources */,
				8696EDE317E67A0E0075DCE7 /* EAFWrite.mm in Sources */,
				8696EDEB17E67A0E0075DCE7 /* Utilities.mm in Sources */,
				8696EDEE17E680730075DCE7 /* SQVideoComposer.m in Sources */,
			);
			runOnlyForDeploymentPostprocessing = 0;
		};
/* End PBXSourcesBuildPhase section */

/* Begin PBXVariantGroup section */
		8658658517CDCB6A00B5D7BD /* InfoPlist.strings */ = {
			isa = PBXVariantGroup;
			children = (
				8658658617CDCB6A00B5D7BD /* en */,
			);
			name = InfoPlist.strings;
			sourceTree = "<group>";
		};
		8658659417CDCB6A00B5D7BD /* MainStoryboard.storyboard */ = {
			isa = PBXVariantGroup;
			children = (
				8658659517CDCB6A00B5D7BD /* en */,
			);
			name = MainStoryboard.storyboard;
			sourceTree = "<group>";
		};
/* End PBXVariantGroup section */

/* Begin XCBuildConfiguration section */
		8658659A17CDCB6A00B5D7BD /* Debug */ = {
			isa = XCBuildConfiguration;
			buildSettings = {
				ALWAYS_SEARCH_USER_PATHS = NO;
				CLANG_CXX_LANGUAGE_STANDARD = "gnu++0x";
				CLANG_CXX_LIBRARY = "libc++";
				CLANG_ENABLE_OBJC_ARC = YES;
				CLANG_WARN_CONSTANT_CONVERSION = YES;
				CLANG_WARN_EMPTY_BODY = YES;
				CLANG_WARN_ENUM_CONVERSION = YES;
				CLANG_WARN_INT_CONVERSION = YES;
				CLANG_WARN__DUPLICATE_METHOD_MATCH = YES;
				"CODE_SIGN_IDENTITY[sdk=iphoneos*]" = "iPhone Developer";
				COPY_PHASE_STRIP = NO;
				GCC_C_LANGUAGE_STANDARD = gnu99;
				GCC_DYNAMIC_NO_PIC = NO;
				GCC_OPTIMIZATION_LEVEL = 0;
				GCC_PREPROCESSOR_DEFINITIONS = (
					"DEBUG=1",
					"$(inherited)",
				);
				GCC_SYMBOLS_PRIVATE_EXTERN = NO;
				GCC_WARN_ABOUT_RETURN_TYPE = YES;
				GCC_WARN_UNINITIALIZED_AUTOS = YES;
				GCC_WARN_UNUSED_VARIABLE = YES;
				IPHONEOS_DEPLOYMENT_TARGET = 6.1;
				ONLY_ACTIVE_ARCH = YES;
				SDKROOT = iphoneos;
			};
			name = Debug;
		};
		8658659B17CDCB6A00B5D7BD /* Release */ = {
			isa = XCBuildConfiguration;
			buildSettings = {
				ALWAYS_SEARCH_USER_PATHS = NO;
				CLANG_CXX_LANGUAGE_STANDARD = "gnu++0x";
				CLANG_CXX_LIBRARY = "libc++";
				CLANG_ENABLE_OBJC_ARC = YES;
				CLANG_WARN_CONSTANT_CONVERSION = YES;
				CLANG_WARN_EMPTY_BODY = YES;
				CLANG_WARN_ENUM_CONVERSION = YES;
				CLANG_WARN_INT_CONVERSION = YES;
				CLANG_WARN__DUPLICATE_METHOD_MATCH = YES;
				"CODE_SIGN_IDENTITY[sdk=iphoneos*]" = "iPhone Developer";
				COPY_PHASE_STRIP = YES;
				GCC_C_LANGUAGE_STANDARD = gnu99;
				GCC_WARN_ABOUT_RETURN_TYPE = YES;
				GCC_WARN_UNINITIALIZED_AUTOS = YES;
				GCC_WARN_UNUSED_VARIABLE = YES;
				IPHONEOS_DEPLOYMENT_TARGET = 6.1;
				OTHER_CFLAGS = "-DNS_BLOCK_ASSERTIONS=1";
				SDKROOT = iphoneos;
				VALIDATE_PRODUCT = YES;
			};
			name = Release;
		};
		8658659D17CDCB6A00B5D7BD /* Debug */ = {
			isa = XCBuildConfiguration;
			buildSettings = {
				CODE_SIGN_IDENTITY = "iPhone Developer: Jon Como (7X7G2JJC8P)";
				GCC_PRECOMPILE_PREFIX_HEADER = YES;
				GCC_PREFIX_HEADER = "Sequencer/Sequencer-Prefix.pch";
				INFOPLIST_FILE = "Sequencer/Sequencer-Info.plist";
				LIBRARY_SEARCH_PATHS = (
					"$(inherited)",
					"\"$(SRCROOT)/Common Files/src\"",
				);
				PRODUCT_NAME = "$(TARGET_NAME)";
				PROVISIONING_PROFILE = "9E063390-D86C-45C6-B495-9FE7C06CF185";
				USER_HEADER_SEARCH_PATHS = "";
				WRAPPER_EXTENSION = app;
			};
			name = Debug;
		};
		8658659E17CDCB6A00B5D7BD /* Release */ = {
			isa = XCBuildConfiguration;
			buildSettings = {
				CODE_SIGN_IDENTITY = "iPhone Developer: Jon Como (7X7G2JJC8P)";
				GCC_PRECOMPILE_PREFIX_HEADER = YES;
				GCC_PREFIX_HEADER = "Sequencer/Sequencer-Prefix.pch";
				INFOPLIST_FILE = "Sequencer/Sequencer-Info.plist";
				LIBRARY_SEARCH_PATHS = (
					"$(inherited)",
					"\"$(SRCROOT)/Common Files/src\"",
				);
				PRODUCT_NAME = "$(TARGET_NAME)";
				PROVISIONING_PROFILE = "9E063390-D86C-45C6-B495-9FE7C06CF185";
				USER_HEADER_SEARCH_PATHS = "";
				WRAPPER_EXTENSION = app;
			};
			name = Release;
		};
/* End XCBuildConfiguration section */

/* Begin XCConfigurationList section */
		8658657417CDCB6A00B5D7BD /* Build configuration list for PBXProject "Sequencer" */ = {
			isa = XCConfigurationList;
			buildConfigurations = (
				8658659A17CDCB6A00B5D7BD /* Debug */,
				8658659B17CDCB6A00B5D7BD /* Release */,
			);
			defaultConfigurationIsVisible = 0;
			defaultConfigurationName = Release;
		};
		8658659C17CDCB6A00B5D7BD /* Build configuration list for PBXNativeTarget "Sequencer" */ = {
			isa = XCConfigurationList;
			buildConfigurations = (
				8658659D17CDCB6A00B5D7BD /* Debug */,
				8658659E17CDCB6A00B5D7BD /* Release */,
			);
			defaultConfigurationIsVisible = 0;
			defaultConfigurationName = Release;
		};
/* End XCConfigurationList section */
	};
	rootObject = 8658657117CDCB6A00B5D7BD /* Project object */;
}
